
Microsoft Visual Studio Solution File, Format Version 12.00
# Visual Studio Version 17
VisualStudioVersion = 17.7.34221.43
MinimumVisualStudioVersion = 10.0.40219.1
Project("{FAE04EC0-301F-11D3-BF4B-00C04F79EFBC}") = "Entidades", "Entidades\Entidades.csproj", "{ECF5C9A6-EA22-4822-BE97-3ED56899FEF0}"
EndProject
Global
	GlobalSection(SolutionConfigurationPlatforms) = preSolution
		Debug|Any CPU = Debug|Any CPU
		Release|Any CPU = Release|Any CPU
	EndGlobalSection
	GlobalSection(ProjectConfigurationPlatforms) = postSolution
		{ECF5C9A6-EA22-4822-BE97-3ED56899FEF0}.Debug|Any CPU.ActiveCfg = Debug|Any CPU
		{ECF5C9A6-EA22-4822-BE97-3ED56899FEF0}.Debug|Any CPU.Build.0 = Debug|Any CPU
		{ECF5C9A6-EA22-4822-BE97-3ED56899FEF0}.Release|Any CPU.ActiveCfg = Release|Any CPU
		{ECF5C9A6-EA22-4822-BE97-3ED56899FEF0}.Release|Any CPU.Build.0 = Release|Any CPU
	EndGlobalSection
	GlobalSection(SolutionProperties) = preSolution
		HideSolutionNode = FALSE
	EndGlobalSection
	GlobalSection(ExtensibilityGlobals) = postSolution
		SolutionGuid = {42353135-DB7F-40D5-A201-1B77B284F8D6}
	EndGlobalSection
EndGlobal
